
Microsoft Visual Studio Solution File, Format Version 12.00
# Visual Studio 15
VisualStudioVersion = 15.0.28307.902
MinimumVisualStudioVersion = 10.0.40219.1
Project("{9A19103F-16F7-4668-BE54-9A1E7A4F7556}") = "Sungero.Plugins.Sdk", "Sungero.Plugins.Sdk.csproj", "{C9C8374C-0288-4721-8299-1DA463537083}"
EndProject
Global
	GlobalSection(SolutionConfigurationPlatforms) = preSolution
		Debug|Any CPU = Debug|Any CPU
		Release|Any CPU = Release|Any CPU
	EndGlobalSection
	GlobalSection(ProjectConfigurationPlatforms) = postSolution
		{C9C8374C-0288-4721-8299-1DA463537083}.Debug|Any CPU.ActiveCfg = Debug|Any CPU
		{C9C8374C-0288-4721-8299-1DA463537083}.Debug|Any CPU.Build.0 = Debug|Any CPU
		{C9C8374C-0288-4721-8299-1DA463537083}.Release|Any CPU.ActiveCfg = Release|Any CPU
		{C9C8374C-0288-4721-8299-1DA463537083}.Release|Any CPU.Build.0 = Release|Any CPU
	EndGlobalSection
	GlobalSection(SolutionProperties) = preSolution
		HideSolutionNode = FALSE
	EndGlobalSection
	GlobalSection(ExtensibilityGlobals) = postSolution
		SolutionGuid = {F7F5DB0B-948F-469C-B7D7-CE492E9AF16A}
	EndGlobalSection
EndGlobal
